{
    "_meta": {
        "hash": {
            "sha256": "2370d9b1b6559d063ad0c3e833d732afa2983829b54501b6652c5f2219f00807"
        },
        "pipfile-spec": 6,
        "requires": {
            "python_version": "3.8"
        },
        "sources": [
            {
                "name": "pypi",
                "url": "https://pypi.org/simple",
                "verify_ssl": true
            }
        ]
    },
    "default": {
        "asgiref": {
            "hashes": [
                "sha256:1d2880b792ae8757289136f1db2b7b99100ce959b2aa57fd69dab783d05afac4",
                "sha256:4a29362a6acebe09bf1d6640db38c1dc3d9217c68e6f9f6204d72667fc19a424"
            ],
            "markers": "python_version >= '3.7'",
            "version": "==3.5.2"
        },
        "beautifulsoup4": {
            "hashes": [
                "sha256:58d5c3d29f5a36ffeb94f02f0d786cd53014cf9b3b3951d42e0080d8a9498d30",
                "sha256:ad9aa55b65ef2808eb405f46cf74df7fcb7044d5cbc26487f96eb2ef2e436693"
            ],
            "markers": "python_version >= '3.6'",
            "version": "==4.11.1"
        },
        "certifi": {
            "hashes": [
                "sha256:9c5705e395cd70084351dd8ad5c41e65655e08ce46f2ec9cf6c2c08390f71eb7",
                "sha256:f1d53542ee8cbedbe2118b5686372fb33c297fcd6379b050cca0ef13a597382a"
            ],
            "markers": "python_version >= '3.6'",
            "version": "==2022.5.18.1"
        },
        "chardet": {
            "hashes": [
                "sha256:0d6f53a15db4120f2b08c94f11e7d93d2c911ee118b6b30a04ec3ee8310179fa",
                "sha256:f864054d66fd9118f2e67044ac8981a54775ec5b67aed0441892edb553d21da5"
            ],
            "markers": "python_version >= '2.7' and python_version not in '3.0, 3.1, 3.2, 3.3, 3.4'",
            "version": "==4.0.0"
        },
        "dj-database-url": {
            "hashes": [
                "sha256:4aeaeb1f573c74835b0686a2b46b85990571159ffc21aa57ecd4d1e1cb334163",
                "sha256:851785365761ebe4994a921b433062309eb882fedd318e1b0fcecc607ed02da9"
            ],
            "index": "pypi",
            "version": "==0.5.0"
        },
        "django": {
            "hashes": [
                "sha256:0fabc786489af16ad87a8c170ba9d42bfd23f7b699bd5ef05675864e8d012859",
                "sha256:72a4a5a136a214c39cf016ccdd6b69e2aa08c7479c66d93f3a9b5e4bb9d8a347"
            ],
            "index": "pypi",
            "version": "==3.1.14"
        },
        "django-bootstrap4": {
            "hashes": [
                "sha256:2c199020ac38866cdf8d1c5561ce7468116b9685b455a29843c0225ef8568879",
                "sha256:b68f073b647b20ec7894a252a0ca4e06b7b8dafdbad995cb0cdc783d0bb4629d"
            ],
            "index": "pypi",
            "version": "==2.3.1"
        },
        "django-crispy-forms": {
            "hashes": [
                "sha256:2ea206f35a9554597b89315ea52737d32d2fd9f5304e79a469a08887aa0824b0",
                "sha256:5c600dea66e2f435f774fe2c4cacfb5b5eb9914dd6da0728edd174b95f6956fd"
            ],
            "index": "pypi",
            "version": "==1.11.1"
        },
        "django-heroku": {
            "hashes": [
                "sha256:2bc690aab89eedbe01311752320a9a12e7548e3b0ed102681acc5736a41a4762",
                "sha256:6af4bc3ae4a9b55eaad6dbe5164918982d2762661aebc9f83d9fa49f6009514e"
            ],
            "index": "pypi",
            "version": "==0.3.1"
        },
        "gunicorn": {
            "hashes": [
                "sha256:1904bb2b8a43658807108d59c3f3d56c2b6121a701161de0ddf9ad140073c626",
                "sha256:cd4a810dd51bf497552cf3f863b575dabd73d6ad6a91075b65936b151cbf4f9c"
            ],
            "index": "pypi",
            "version": "==20.0.4"
        },
        "idna": {
            "hashes": [
                "sha256:b307872f855b18632ce0c21c5e45be78c0ea7ae4c15c828c20788b26921eb3f6",
                "sha256:b97d804b1e9b523befed77c48dacec60e6dcb0b5391d57af6a65a312a90648c0"
            ],
            "markers": "python_version >= '2.7' and python_version not in '3.0, 3.1, 3.2, 3.3'",
            "version": "==2.10"
        },
        "psycopg2": {
            "hashes": [
                "sha256:06f32425949bd5fe8f625c49f17ebb9784e1e4fe928b7cce72edc36fb68e4c0c",
                "sha256:0762c27d018edbcb2d34d51596e4346c983bd27c330218c56c4dc25ef7e819bf",
                "sha256:083707a696e5e1c330af2508d8fab36f9700b26621ccbcb538abe22e15485362",
                "sha256:34b33e0162cfcaad151f249c2649fd1030010c16f4bbc40a604c1cb77173dcf7",
                "sha256:4295093a6ae3434d33ec6baab4ca5512a5082cc43c0505293087b8a46d108461",
                "sha256:8cf3878353cc04b053822896bc4922b194792df9df2f1ad8da01fb3043602126",
                "sha256:8e841d1bf3434da985cc5ef13e6f75c8981ced601fd70cc6bf33351b91562981",
                "sha256:9572e08b50aed176ef6d66f15a21d823bb6f6d23152d35e8451d7d2d18fdac56",
                "sha256:a81e3866f99382dfe8c15a151f1ca5fde5815fde879348fe5a9884a7c092a305",
                "sha256:cb10d44e6694d763fa1078a26f7f6137d69f555a78ec85dc2ef716c37447e4b2",
                "sha256:d3ca6421b942f60c008f81a3541e8faf6865a28d5a9b48544b0ee4f40cac7fca"
            ],
            "markers": "python_version >= '3.6'",
            "version": "==2.9.3"
        },
        "psycopg2-binary": {
            "hashes": [
                "sha256:0deac2af1a587ae12836aa07970f5cb91964f05a7c6cdb69d8425ff4c15d4e2c",
                "sha256:0e4dc3d5996760104746e6cfcdb519d9d2cd27c738296525d5867ea695774e67",
                "sha256:11b9c0ebce097180129e422379b824ae21c8f2a6596b159c7659e2e5a00e1aa0",
                "sha256:15978a1fbd225583dd8cdaf37e67ccc278b5abecb4caf6b2d6b8e2b948e953f6",
                "sha256:1fabed9ea2acc4efe4671b92c669a213db744d2af8a9fc5d69a8e9bc14b7a9db",
                "sha256:2dac98e85565d5688e8ab7bdea5446674a83a3945a8f416ad0110018d1501b94",
                "sha256:42ec1035841b389e8cc3692277a0bd81cdfe0b65d575a2c8862cec7a80e62e52",
                "sha256:6422f2ff0919fd720195f64ffd8f924c1395d30f9a495f31e2392c2efafb5056",
                "sha256:6a32f3a4cb2f6e1a0b15215f448e8ce2da192fd4ff35084d80d5e39da683e79b",
                "sha256:7312e931b90fe14f925729cde58022f5d034241918a5c4f9797cac62f6b3a9dd",
                "sha256:7d92a09b788cbb1aec325af5fcba9fed7203897bbd9269d5691bb1e3bce29550",
                "sha256:833709a5c66ca52f1d21d41865a637223b368c0ee76ea54ca5bad6f2526c7679",
                "sha256:89705f45ce07b2dfa806ee84439ec67c5d9a0ef20154e0e475e2b2ed392a5b83",
                "sha256:8cd0fb36c7412996859cb4606a35969dd01f4ea34d9812a141cd920c3b18be77",
                "sha256:950bc22bb56ee6ff142a2cb9ee980b571dd0912b0334aa3fe0fe3788d860bea2",
                "sha256:a0c50db33c32594305b0ef9abc0cb7db13de7621d2cadf8392a1d9b3c437ef77",
                "sha256:a0eb43a07386c3f1f1ebb4dc7aafb13f67188eab896e7397aa1ee95a9c884eb2",
                "sha256:aaa4213c862f0ef00022751161df35804127b78adf4a2755b9f991a507e425fd",
                "sha256:ac0c682111fbf404525dfc0f18a8b5f11be52657d4f96e9fcb75daf4f3984859",
                "sha256:ad20d2eb875aaa1ea6d0f2916949f5c08a19c74d05b16ce6ebf6d24f2c9f75d1",
                "sha256:b4afc542c0ac0db720cf516dd20c0846f71c248d2b3d21013aa0d4ef9c71ca25",
                "sha256:b8a3715b3c4e604bcc94c90a825cd7f5635417453b253499664f784fc4da0152",
                "sha256:ba28584e6bca48c59eecbf7efb1576ca214b47f05194646b081717fa628dfddf",
                "sha256:ba381aec3a5dc29634f20692349d73f2d21f17653bda1decf0b52b11d694541f",
                "sha256:bd1be66dde2b82f80afb9459fc618216753f67109b859a361cf7def5c7968729",
                "sha256:c2507d796fca339c8fb03216364cca68d87e037c1f774977c8fc377627d01c71",
                "sha256:cec7e622ebc545dbb4564e483dd20e4e404da17ae07e06f3e780b2dacd5cee66",
                "sha256:d14b140a4439d816e3b1229a4a525df917d6ea22a0771a2a78332273fd9528a4",
                "sha256:d1b4ab59e02d9008efe10ceabd0b31e79519da6fb67f7d8e8977118832d0f449",
                "sha256:d5227b229005a696cc67676e24c214740efd90b148de5733419ac9aaba3773da",
                "sha256:e1f57aa70d3f7cc6947fd88636a481638263ba04a742b4a37dd25c373e41491a",
                "sha256:e74a55f6bad0e7d3968399deb50f61f4db1926acf4a6d83beaaa7df986f48b1c",
                "sha256:e82aba2188b9ba309fd8e271702bd0d0fc9148ae3150532bbb474f4590039ffb",
                "sha256:ee69dad2c7155756ad114c02db06002f4cded41132cc51378e57aad79cc8e4f4",
                "sha256:f5ab93a2cb2d8338b1674be43b442a7f544a0971da062a5da774ed40587f18f5"
            ],
            "index": "pypi",
            "version": "==2.8.6"
        },
        "python-dotenv": {
            "hashes": [
                "sha256:0c8d1b80d1a1e91717ea7d526178e3882732420b03f08afea0406db6402e220e",
                "sha256:587825ed60b1711daea4832cf37524dfd404325b7db5e25ebe88c495c9f807a0"
            ],
            "index": "pypi",
            "version": "==0.15.0"
        },
        "pytz": {
            "hashes": [
                "sha256:1e760e2fe6a8163bc0b3d9a19c4f84342afa0a2affebfaa84b01b978a02ecaa7",
                "sha256:e68985985296d9a66a881eb3193b0906246245294a881e7c8afe623866ac6a5c"
            ],
            "version": "==2022.1"
        },
        "requests": {
            "hashes": [
                "sha256:27973dd4a904a4f13b263a19c866c13b92a39ed1c964655f025f3f8d3d75b804",
                "sha256:c210084e36a42ae6b9219e00e48287def368a26d03a048ddad7bfee44f75871e"
            ],
            "index": "pypi",
            "version": "==2.25.1"
        },
        "setuptools": {
            "hashes": [
                "sha256:68e45d17c9281ba25dc0104eadd2647172b3472d9e01f911efa57965e8d51a36",
                "sha256:a43bdedf853c670e5fed28e5623403bad2f73cf02f9a2774e91def6bda8265a7"
            ],
            "markers": "python_version >= '3.7'",
            "version": "==62.3.2"
        },
        "soupsieve": {
            "hashes": [
                "sha256:3b2503d3c7084a42b1ebd08116e5f81aadfaea95863628c80a3b774a11b7c759",
                "sha256:fc53893b3da2c33de295667a0e19f078c14bf86544af307354de5fcf12a3f30d"
            ],
            "markers": "python_version >= '3.6'",
            "version": "==2.3.2.post1"
        },
        "sqlparse": {
            "hashes": [
                "sha256:0c00730c74263a94e5a9919ade150dfc3b19c574389985446148402998287dae",
                "sha256:48719e356bb8b42991bdbb1e8b83223757b93789c00910a616a071910ca4a64d"
            ],
            "markers": "python_version >= '3.5'",
            "version": "==0.4.2"
        },
        "urllib3": {
            "hashes": [
                "sha256:44ece4d53fb1706f667c9bd1c648f5469a2ec925fcf3a776667042d645472c14",
                "sha256:aabaf16477806a5e1dd19aa41f8c2b7950dd3c746362d7e3223dbe6de6ac448e"
            ],
            "markers": "python_version >= '2.7' and python_version not in '3.0, 3.1, 3.2, 3.3, 3.4' and python_version < '4.0'",
            "version": "==1.26.9"
        },
        "whitenoise": {
            "hashes": [
                "sha256:05ce0be39ad85740a78750c86a93485c40f08ad8c62a6006de0233765996e5c7",
                "sha256:05d00198c777028d72d8b0bbd234db605ef6d60e9410125124002518a48e515d"
            ],
            "index": "pypi",
            "version": "==5.2.0"
        }
    },
    "develop": {}
}
